
Microsoft Visual Studio Solution File, Format Version 12.00
# Visual Studio 15
VisualStudioVersion = 15.0.27130.2027
MinimumVisualStudioVersion = 10.0.40219.1
Project("{FAE04EC0-301F-11D3-BF4B-00C04F79EFBC}") = "MegaSena", "ConsoleApp1\MegaSena.csproj", "{1E6C2931-CB00-4C1F-B79B-64BCE1179ED2}"
EndProject
Global
	GlobalSection(SolutionConfigurationPlatforms) = preSolution
		Debug|Any CPU = Debug|Any CPU
		Debug|ARM = Debug|ARM
		Debug|x64 = Debug|x64
		Debug|x86 = Debug|x86
		Release|Any CPU = Release|Any CPU
		Release|ARM = Release|ARM
		Release|x64 = Release|x64
		Release|x86 = Release|x86
	EndGlobalSection
	GlobalSection(ProjectConfigurationPlatforms) = postSolution
		{1E6C2931-CB00-4C1F-B79B-64BCE1179ED2}.Debug|Any CPU.ActiveCfg = Debug|Any CPU
		{1E6C2931-CB00-4C1F-B79B-64BCE1179ED2}.Debug|Any CPU.Build.0 = Debug|Any CPU
		{1E6C2931-CB00-4C1F-B79B-64BCE1179ED2}.Debug|ARM.ActiveCfg = Debug|Any CPU
		{1E6C2931-CB00-4C1F-B79B-64BCE1179ED2}.Debug|ARM.Build.0 = Debug|Any CPU
		{1E6C2931-CB00-4C1F-B79B-64BCE1179ED2}.Debug|x64.ActiveCfg = Debug|Any CPU
		{1E6C2931-CB00-4C1F-B79B-64BCE1179ED2}.Debug|x64.Build.0 = Debug|Any CPU
		{1E6C2931-CB00-4C1F-B79B-64BCE1179ED2}.Debug|x86.ActiveCfg = Debug|Any CPU
		{1E6C2931-CB00-4C1F-B79B-64BCE1179ED2}.Debug|x86.Build.0 = Debug|Any CPU
		{1E6C2931-CB00-4C1F-B79B-64BCE1179ED2}.Release|Any CPU.ActiveCfg = Release|Any CPU
		{1E6C2931-CB00-4C1F-B79B-64BCE1179ED2}.Release|Any CPU.Build.0 = Release|Any CPU
		{1E6C2931-CB00-4C1F-B79B-64BCE1179ED2}.Release|ARM.ActiveCfg = Release|Any CPU
		{1E6C2931-CB00-4C1F-B79B-64BCE1179ED2}.Release|ARM.Build.0 = Release|Any CPU
		{1E6C2931-CB00-4C1F-B79B-64BCE1179ED2}.Release|x64.ActiveCfg = Release|Any CPU
		{1E6C2931-CB00-4C1F-B79B-64BCE1179ED2}.Release|x64.Build.0 = Release|Any CPU
		{1E6C2931-CB00-4C1F-B79B-64BCE1179ED2}.Release|x86.ActiveCfg = Release|Any CPU
		{1E6C2931-CB00-4C1F-B79B-64BCE1179ED2}.Release|x86.Build.0 = Release|Any CPU
	EndGlobalSection
	GlobalSection(SolutionProperties) = preSolution
		HideSolutionNode = FALSE
	EndGlobalSection
	GlobalSection(ExtensibilityGlobals) = postSolution
		SolutionGuid = {D51F6E0B-6E1C-4B53-8DD7-73C874B1301D}
	EndGlobalSection
EndGlobal
